Microsoft Visual Studio Solution File, Format Version 12.00
# Visual Studio 14
Project("{8BC9CEB8-8B4A-11D0-8D11-00A0C91BC942}") = "ALL_BUILD", "ALL_BUILD.vcxproj", "{77256AD9-15C8-3B08-AC8A-22F87BBE9697}"
	ProjectSection(ProjectDependencies) = postProject
		{D8802D18-DC49-3BE7-91EF-3AA6482CAC99} = {D8802D18-DC49-3BE7-91EF-3AA6482CAC99}
		{B1784D09-E1ED-3B6B-95E9-B2A65C2A3949} = {B1784D09-E1ED-3B6B-95E9-B2A65C2A3949}
		{91F840CD-68E1-3702-9398-665A6E6DA150} = {91F840CD-68E1-3702-9398-665A6E6DA150}
		{674823E1-C76C-3C66-86A1-0A803F20ED51} = {674823E1-C76C-3C66-86A1-0A803F20ED51}
		{1765F84B-1394-3E04-B42A-38B942D4B7E2} = {1765F84B-1394-3E04-B42A-38B942D4B7E2}
		{188178FD-8770-3229-928F-113D94A9E55A} = {188178FD-8770-3229-928F-113D94A9E55A}
		{CEB1F0FF-347B-3C9F-BFB6-D928B523AEB8} = {CEB1F0FF-347B-3C9F-BFB6-D928B523AEB8}
		{8773A1F9-E570-3D31-9FD6-3A0734AD7A70} = {8773A1F9-E570-3D31-9FD6-3A0734AD7A70}
		{2F5E392D-4F30-3E68-8E2B-96DC6DB92D81} = {2F5E392D-4F30-3E68-8E2B-96DC6DB92D81}
		{47894CED-5B30-3235-8404-EA03F6F07BF5} = {47894CED-5B30-3235-8404-EA03F6F07BF5}
		{FC9340E8-08CC-3CF8-A8A9-95B4795F0B07} = {FC9340E8-08CC-3CF8-A8A9-95B4795F0B07}
		{0C492C42-CBC2-3F2C-859C-31811D29BC5E} = {0C492C42-CBC2-3F2C-859C-31811D29BC5E}
		{4F9D024D-33DB-3EE4-96FD-942B93A149A9} = {4F9D024D-33DB-3EE4-96FD-942B93A149A9}
		{6817BDD4-0B6C-3F01-850F-813C2196652D} = {6817BDD4-0B6C-3F01-850F-813C2196652D}
		{42440FC2-4122-3204-BA5F-55BC34F11F70} = {42440FC2-4122-3204-BA5F-55BC34F11F70}
		{3BD09D2E-46F0-32F2-9A47-2ECE8244562B} = {3BD09D2E-46F0-32F2-9A47-2ECE8244562B}
		{BAA5E7DE-8E00-3626-B7E2-809A380A5384} = {BAA5E7DE-8E00-3626-B7E2-809A380A5384}
		{B017D7D3-BC96-338E-B4A0-8EE44B478F62} = {B017D7D3-BC96-338E-B4A0-8EE44B478F62}
		{A7CA8CEB-8018-38DB-9E3F-7D898943CFD6} = {A7CA8CEB-8018-38DB-9E3F-7D898943CFD6}
		{AC85298B-86E7-32D2-B470-7F01DA9FD0E6} = {AC85298B-86E7-32D2-B470-7F01DA9FD0E6}
		{AECC312C-B3FE-3D20-92CA-04854AF27F83} = {AECC312C-B3FE-3D20-92CA-04854AF27F83}
		{68F227DE-C3B6-3C97-98D3-8C41B6F33944} = {68F227DE-C3B6-3C97-98D3-8C41B6F33944}
		{C6F2DA0E-7DA8-37AD-A55E-8091A81C2ADA} = {C6F2DA0E-7DA8-37AD-A55E-8091A81C2ADA}
		{98E9E94E-9C26-3932-9BF1-43173018224F} = {98E9E94E-9C26-3932-9BF1-43173018224F}
		{2246A89D-BEA0-398F-BF6F-9601F1DA5D54} = {2246A89D-BEA0-398F-BF6F-9601F1DA5D54}
		{790E8D5A-5948-3620-A8B6-C1ECCB9FDAFE} = {790E8D5A-5948-3620-A8B6-C1ECCB9FDAFE}
		{11E85134-3FA4-3C25-B506-CB398E62946A} = {11E85134-3FA4-3C25-B506-CB398E62946A}
		{0EB722BF-AA20-3B39-9DE9-C8E65266C8B1} = {0EB722BF-AA20-3B39-9DE9-C8E65266C8B1}
		{162D1BBC-DDF4-3C42-B5ED-2CF8403D7D8C} = {162D1BBC-DDF4-3C42-B5ED-2CF8403D7D8C}
		{DF7F32DE-9242-398B-800B-1825EFDD3336} = {DF7F32DE-9242-398B-800B-1825EFDD3336}
		{1D2280A3-4B53-37BD-A643-8BA7BB9C7240} = {1D2280A3-4B53-37BD-A643-8BA7BB9C7240}
		{50214CE8-3884-3D0D-B24B-FE030655B1E8} = {50214CE8-3884-3D0D-B24B-FE030655B1E8}
		{D8FE76F5-041A-370D-A6F6-AE484ACB5E89} = {D8FE76F5-041A-370D-A6F6-AE484ACB5E89}
		{F57F846E-2EE8-3F45-BD0F-4E5B0176D0DA} = {F57F846E-2EE8-3F45-BD0F-4E5B0176D0DA}
	EndProjectSection
EndProject
Project("{8BC9CEB8-8B4A-11D0-8D11-00A0C91BC942}") = "CJUnitTestsPort", "test\CJUnitTestsPort\CJUnitTestsPort.vcxproj", "{D8802D18-DC49-3BE7-91EF-3AA6482CAC99}"
	ProjectSection(ProjectDependencies) = postProject
		{B1784D09-E1ED-3B6B-95E9-B2A65C2A3949} = {B1784D09-E1ED-3B6B-95E9-B2A65C2A3949}
		{0C492C42-CBC2-3F2C-859C-31811D29BC5E} = {0C492C42-CBC2-3F2C-859C-31811D29BC5E}
		{2246A89D-BEA0-398F-BF6F-9601F1DA5D54} = {2246A89D-BEA0-398F-BF6F-9601F1DA5D54}
	EndProjectSection
EndProject
Project("{8BC9CEB8-8B4A-11D0-8D11-00A0C91BC942}") = "INSTALL", "INSTALL.vcxproj", "{159B2B55-C75E-3734-A04E-4ECEB25EB715}"
	ProjectSection(ProjectDependencies) = postProject
		{77256AD9-15C8-3B08-AC8A-22F87BBE9697} = {77256AD9-15C8-3B08-AC8A-22F87BBE9697}
	EndProjectSection
EndProject
Project("{8BC9CEB8-8B4A-11D0-8D11-00A0C91BC942}") = "PACKAGE", "PACKAGE.vcxproj", "{4BB0CEAB-3AF1-3D08-9EF9-E1230700BC6C}"
	ProjectSection(ProjectDependencies) = postProject
		{77256AD9-15C8-3B08-AC8A-22F87BBE9697} = {77256AD9-15C8-3B08-AC8A-22F87BBE9697}
	EndProjectSection
EndProject
Project("{8BC9CEB8-8B4A-11D0-8D11-00A0C91BC942}") = "ZERO_CHECK", "ZERO_CHECK.vcxproj", "{B1784D09-E1ED-3B6B-95E9-B2A65C2A3949}"
	ProjectSection(ProjectDependencies) = postProject
	EndProjectSection
EndProject
Project("{8BC9CEB8-8B4A-11D0-8D11-00A0C91BC942}") = "bug123", "test\unit\template_bug_group\bug123.vcxproj", "{91F840CD-68E1-3702-9398-665A6E6DA150}"
	ProjectSection(ProjectDependencies) = postProject
		{B1784D09-E1ED-3B6B-95E9-B2A65C2A3949} = {B1784D09-E1ED-3B6B-95E9-B2A65C2A3949}
		{0C492C42-CBC2-3F2C-859C-31811D29BC5E} = {0C492C42-CBC2-3F2C-859C-31811D29BC5E}
		{2246A89D-BEA0-398F-BF6F-9601F1DA5D54} = {2246A89D-BEA0-398F-BF6F-9601F1DA5D54}
	EndProjectSection
EndProject
Project("{8BC9CEB8-8B4A-11D0-8D11-00A0C91BC942}") = "bug456", "test\unit\template_bug_group\bug456.vcxproj", "{674823E1-C76C-3C66-86A1-0A803F20ED51}"
	ProjectSection(ProjectDependencies) = postProject
		{B1784D09-E1ED-3B6B-95E9-B2A65C2A3949} = {B1784D09-E1ED-3B6B-95E9-B2A65C2A3949}
		{0C492C42-CBC2-3F2C-859C-31811D29BC5E} = {0C492C42-CBC2-3F2C-859C-31811D29BC5E}
		{2246A89D-BEA0-398F-BF6F-9601F1DA5D54} = {2246A89D-BEA0-398F-BF6F-9601F1DA5D54}
	EndProjectSection
EndProject
Project("{8BC9CEB8-8B4A-11D0-8D11-00A0C91BC942}") = "connect", "examples\connect.vcxproj", "{1765F84B-1394-3E04-B42A-38B942D4B7E2}"
	ProjectSection(ProjectDependencies) = postProject
		{B1784D09-E1ED-3B6B-95E9-B2A65C2A3949} = {B1784D09-E1ED-3B6B-95E9-B2A65C2A3949}
		{0C492C42-CBC2-3F2C-859C-31811D29BC5E} = {0C492C42-CBC2-3F2C-859C-31811D29BC5E}
	EndProjectSection
EndProject
Project("{8BC9CEB8-8B4A-11D0-8D11-00A0C91BC942}") = "connection_meta_schemaobj", "examples\connection_meta_schemaobj.vcxproj", "{188178FD-8770-3229-928F-113D94A9E55A}"
	ProjectSection(ProjectDependencies) = postProject
		{B1784D09-E1ED-3B6B-95E9-B2A65C2A3949} = {B1784D09-E1ED-3B6B-95E9-B2A65C2A3949}
		{0C492C42-CBC2-3F2C-859C-31811D29BC5E} = {0C492C42-CBC2-3F2C-859C-31811D29BC5E}
	EndProjectSection
EndProject
Project("{8BC9CEB8-8B4A-11D0-8D11-00A0C91BC942}") = "debug_output", "examples\debug_output.vcxproj", "{CEB1F0FF-347B-3C9F-BFB6-D928B523AEB8}"
	ProjectSection(ProjectDependencies) = postProject
		{B1784D09-E1ED-3B6B-95E9-B2A65C2A3949} = {B1784D09-E1ED-3B6B-95E9-B2A65C2A3949}
		{0C492C42-CBC2-3F2C-859C-31811D29BC5E} = {0C492C42-CBC2-3F2C-859C-31811D29BC5E}
	EndProjectSection
EndProject
Project("{8BC9CEB8-8B4A-11D0-8D11-00A0C91BC942}") = "driver_test", "test\driver_test.vcxproj", "{8773A1F9-E570-3D31-9FD6-3A0734AD7A70}"
	ProjectSection(ProjectDependencies) = postProject
		{B1784D09-E1ED-3B6B-95E9-B2A65C2A3949} = {B1784D09-E1ED-3B6B-95E9-B2A65C2A3949}
		{0C492C42-CBC2-3F2C-859C-31811D29BC5E} = {0C492C42-CBC2-3F2C-859C-31811D29BC5E}
	EndProjectSection
EndProject
Project("{8BC9CEB8-8B4A-11D0-8D11-00A0C91BC942}") = "dynamic_load", "examples\dynamic_load.vcxproj", "{2F5E392D-4F30-3E68-8E2B-96DC6DB92D81}"
	ProjectSection(ProjectDependencies) = postProject
		{B1784D09-E1ED-3B6B-95E9-B2A65C2A3949} = {B1784D09-E1ED-3B6B-95E9-B2A65C2A3949}
		{0C492C42-CBC2-3F2C-859C-31811D29BC5E} = {0C492C42-CBC2-3F2C-859C-31811D29BC5E}
	EndProjectSection
EndProject
Project("{8BC9CEB8-8B4A-11D0-8D11-00A0C91BC942}") = "example", "test\unit\example\example.vcxproj", "{47894CED-5B30-3235-8404-EA03F6F07BF5}"
	ProjectSection(ProjectDependencies) = postProject
		{B1784D09-E1ED-3B6B-95E9-B2A65C2A3949} = {B1784D09-E1ED-3B6B-95E9-B2A65C2A3949}
		{0C492C42-CBC2-3F2C-859C-31811D29BC5E} = {0C492C42-CBC2-3F2C-859C-31811D29BC5E}
		{2246A89D-BEA0-398F-BF6F-9601F1DA5D54} = {2246A89D-BEA0-398F-BF6F-9601F1DA5D54}
	EndProjectSection
EndProject
Project("{8BC9CEB8-8B4A-11D0-8D11-00A0C91BC942}") = "exceptions", "examples\exceptions.vcxproj", "{FC9340E8-08CC-3CF8-A8A9-95B4795F0B07}"
	ProjectSection(ProjectDependencies) = postProject
		{B1784D09-E1ED-3B6B-95E9-B2A65C2A3949} = {B1784D09-E1ED-3B6B-95E9-B2A65C2A3949}
		{0C492C42-CBC2-3F2C-859C-31811D29BC5E} = {0C492C42-CBC2-3F2C-859C-31811D29BC5E}
	EndProjectSection
EndProject
Project("{8BC9CEB8-8B4A-11D0-8D11-00A0C91BC942}") = "mysqlcppconn", "driver\mysqlcppconn.vcxproj", "{0C492C42-CBC2-3F2C-859C-31811D29BC5E}"
	ProjectSection(ProjectDependencies) = postProject
		{B1784D09-E1ED-3B6B-95E9-B2A65C2A3949} = {B1784D09-E1ED-3B6B-95E9-B2A65C2A3949}
	EndProjectSection
EndProject
Project("{8BC9CEB8-8B4A-11D0-8D11-00A0C91BC942}") = "mysqlcppconn-static", "driver\mysqlcppconn-static.vcxproj", "{4F9D024D-33DB-3EE4-96FD-942B93A149A9}"
	ProjectSection(ProjectDependencies) = postProject
		{B1784D09-E1ED-3B6B-95E9-B2A65C2A3949} = {B1784D09-E1ED-3B6B-95E9-B2A65C2A3949}
	EndProjectSection
EndProject
Project("{8BC9CEB8-8B4A-11D0-8D11-00A0C91BC942}") = "perf_statement", "test\unit\performance\perf_statement.vcxproj", "{6817BDD4-0B6C-3F01-850F-813C2196652D}"
	ProjectSection(ProjectDependencies) = postProject
		{B1784D09-E1ED-3B6B-95E9-B2A65C2A3949} = {B1784D09-E1ED-3B6B-95E9-B2A65C2A3949}
		{0C492C42-CBC2-3F2C-859C-31811D29BC5E} = {0C492C42-CBC2-3F2C-859C-31811D29BC5E}
		{2246A89D-BEA0-398F-BF6F-9601F1DA5D54} = {2246A89D-BEA0-398F-BF6F-9601F1DA5D54}
	EndProjectSection
EndProject
Project("{8BC9CEB8-8B4A-11D0-8D11-00A0C91BC942}") = "prepared_statement", "examples\prepared_statement.vcxproj", "{42440FC2-4122-3204-BA5F-55BC34F11F70}"
	ProjectSection(ProjectDependencies) = postProject
		{B1784D09-E1ED-3B6B-95E9-B2A65C2A3949} = {B1784D09-E1ED-3B6B-95E9-B2A65C2A3949}
		{0C492C42-CBC2-3F2C-859C-31811D29BC5E} = {0C492C42-CBC2-3F2C-859C-31811D29BC5E}
	EndProjectSection
EndProject
Project("{8BC9CEB8-8B4A-11D0-8D11-00A0C91BC942}") = "resultset", "examples\resultset.vcxproj", "{3BD09D2E-46F0-32F2-9A47-2ECE8244562B}"
	ProjectSection(ProjectDependencies) = postProject
		{B1784D09-E1ED-3B6B-95E9-B2A65C2A3949} = {B1784D09-E1ED-3B6B-95E9-B2A65C2A3949}
		{0C492C42-CBC2-3F2C-859C-31811D29BC5E} = {0C492C42-CBC2-3F2C-859C-31811D29BC5E}
	EndProjectSection
EndProject
Project("{8BC9CEB8-8B4A-11D0-8D11-00A0C91BC942}") = "resultset_binary", "examples\resultset_binary.vcxproj", "{BAA5E7DE-8E00-3626-B7E2-809A380A5384}"
	ProjectSection(ProjectDependencies) = postProject
		{B1784D09-E1ED-3B6B-95E9-B2A65C2A3949} = {B1784D09-E1ED-3B6B-95E9-B2A65C2A3949}
		{0C492C42-CBC2-3F2C-859C-31811D29BC5E} = {0C492C42-CBC2-3F2C-859C-31811D29BC5E}
	EndProjectSection
EndProject
Project("{8BC9CEB8-8B4A-11D0-8D11-00A0C91BC942}") = "resultset_meta", "examples\resultset_meta.vcxproj", "{B017D7D3-BC96-338E-B4A0-8EE44B478F62}"
	ProjectSection(ProjectDependencies) = postProject
		{B1784D09-E1ED-3B6B-95E9-B2A65C2A3949} = {B1784D09-E1ED-3B6B-95E9-B2A65C2A3949}
		{0C492C42-CBC2-3F2C-859C-31811D29BC5E} = {0C492C42-CBC2-3F2C-859C-31811D29BC5E}
	EndProjectSection
EndProject
Project("{8BC9CEB8-8B4A-11D0-8D11-00A0C91BC942}") = "resultset_types", "examples\resultset_types.vcxproj", "{A7CA8CEB-8018-38DB-9E3F-7D898943CFD6}"
	ProjectSection(ProjectDependencies) = postProject
		{B1784D09-E1ED-3B6B-95E9-B2A65C2A3949} = {B1784D09-E1ED-3B6B-95E9-B2A65C2A3949}
		{0C492C42-CBC2-3F2C-859C-31811D29BC5E} = {0C492C42-CBC2-3F2C-859C-31811D29BC5E}
	EndProjectSection
EndProject
Project("{8BC9CEB8-8B4A-11D0-8D11-00A0C91BC942}") = "statement", "examples\statement.vcxproj", "{AC85298B-86E7-32D2-B470-7F01DA9FD0E6}"
	ProjectSection(ProjectDependencies) = postProject
		{B1784D09-E1ED-3B6B-95E9-B2A65C2A3949} = {B1784D09-E1ED-3B6B-95E9-B2A65C2A3949}
		{0C492C42-CBC2-3F2C-859C-31811D29BC5E} = {0C492C42-CBC2-3F2C-859C-31811D29BC5E}
	EndProjectSection
EndProject
Project("{8BC9CEB8-8B4A-11D0-8D11-00A0C91BC942}") = "static_test", "test\static_test.vcxproj", "{AECC312C-B3FE-3D20-92CA-04854AF27F83}"
	ProjectSection(ProjectDependencies) = postProject
		{B1784D09-E1ED-3B6B-95E9-B2A65C2A3949} = {B1784D09-E1ED-3B6B-95E9-B2A65C2A3949}
		{0C492C42-CBC2-3F2C-859C-31811D29BC5E} = {0C492C42-CBC2-3F2C-859C-31811D29BC5E}
	EndProjectSection
EndProject
Project("{8BC9CEB8-8B4A-11D0-8D11-00A0C91BC942}") = "test_art_resultset", "test\unit\classes\test_art_resultset.vcxproj", "{68F227DE-C3B6-3C97-98D3-8C41B6F33944}"
	ProjectSection(ProjectDependencies) = postProject
		{B1784D09-E1ED-3B6B-95E9-B2A65C2A3949} = {B1784D09-E1ED-3B6B-95E9-B2A65C2A3949}
		{4F9D024D-33DB-3EE4-96FD-942B93A149A9} = {4F9D024D-33DB-3EE4-96FD-942B93A149A9}
		{2246A89D-BEA0-398F-BF6F-9601F1DA5D54} = {2246A89D-BEA0-398F-BF6F-9601F1DA5D54}
	EndProjectSection
EndProject
Project("{8BC9CEB8-8B4A-11D0-8D11-00A0C91BC942}") = "test_connection", "test\unit\classes\test_connection.vcxproj", "{C6F2DA0E-7DA8-37AD-A55E-8091A81C2ADA}"
	ProjectSection(ProjectDependencies) = postProject
		{B1784D09-E1ED-3B6B-95E9-B2A65C2A3949} = {B1784D09-E1ED-3B6B-95E9-B2A65C2A3949}
		{0C492C42-CBC2-3F2C-859C-31811D29BC5E} = {0C492C42-CBC2-3F2C-859C-31811D29BC5E}
		{2246A89D-BEA0-398F-BF6F-9601F1DA5D54} = {2246A89D-BEA0-398F-BF6F-9601F1DA5D54}
	EndProjectSection
EndProject
Project("{8BC9CEB8-8B4A-11D0-8D11-00A0C91BC942}") = "test_databasemetadata", "test\unit\classes\test_databasemetadata.vcxproj", "{98E9E94E-9C26-3932-9BF1-43173018224F}"
	ProjectSection(ProjectDependencies) = postProject
		{B1784D09-E1ED-3B6B-95E9-B2A65C2A3949} = {B1784D09-E1ED-3B6B-95E9-B2A65C2A3949}
		{0C492C42-CBC2-3F2C-859C-31811D29BC5E} = {0C492C42-CBC2-3F2C-859C-31811D29BC5E}
		{2246A89D-BEA0-398F-BF6F-9601F1DA5D54} = {2246A89D-BEA0-398F-BF6F-9601F1DA5D54}
	EndProjectSection
EndProject
Project("{8BC9CEB8-8B4A-11D0-8D11-00A0C91BC942}") = "test_framework", "test\framework\test_framework.vcxproj", "{2246A89D-BEA0-398F-BF6F-9601F1DA5D54}"
	ProjectSection(ProjectDependencies) = postProject
		{B1784D09-E1ED-3B6B-95E9-B2A65C2A3949} = {B1784D09-E1ED-3B6B-95E9-B2A65C2A3949}
	EndProjectSection
EndProject
Project("{8BC9CEB8-8B4A-11D0-8D11-00A0C91BC942}") = "test_parametermetadata", "test\unit\classes\test_parametermetadata.vcxproj", "{790E8D5A-5948-3620-A8B6-C1ECCB9FDAFE}"
	ProjectSection(ProjectDependencies) = postProject
		{B1784D09-E1ED-3B6B-95E9-B2A65C2A3949} = {B1784D09-E1ED-3B6B-95E9-B2A65C2A3949}
		{0C492C42-CBC2-3F2C-859C-31811D29BC5E} = {0C492C42-CBC2-3F2C-859C-31811D29BC5E}
		{2246A89D-BEA0-398F-BF6F-9601F1DA5D54} = {2246A89D-BEA0-398F-BF6F-9601F1DA5D54}
	EndProjectSection
EndProject
Project("{8BC9CEB8-8B4A-11D0-8D11-00A0C91BC942}") = "test_preparedstatement", "test\unit\classes\test_preparedstatement.vcxproj", "{11E85134-3FA4-3C25-B506-CB398E62946A}"
	ProjectSection(ProjectDependencies) = postProject
		{B1784D09-E1ED-3B6B-95E9-B2A65C2A3949} = {B1784D09-E1ED-3B6B-95E9-B2A65C2A3949}
		{0C492C42-CBC2-3F2C-859C-31811D29BC5E} = {0C492C42-CBC2-3F2C-859C-31811D29BC5E}
		{2246A89D-BEA0-398F-BF6F-9601F1DA5D54} = {2246A89D-BEA0-398F-BF6F-9601F1DA5D54}
	EndProjectSection
EndProject
Project("{8BC9CEB8-8B4A-11D0-8D11-00A0C91BC942}") = "test_resultset", "test\unit\classes\test_resultset.vcxproj", "{0EB722BF-AA20-3B39-9DE9-C8E65266C8B1}"
	ProjectSection(ProjectDependencies) = postProject
		{B1784D09-E1ED-3B6B-95E9-B2A65C2A3949} = {B1784D09-E1ED-3B6B-95E9-B2A65C2A3949}
		{0C492C42-CBC2-3F2C-859C-31811D29BC5E} = {0C492C42-CBC2-3F2C-859C-31811D29BC5E}
		{2246A89D-BEA0-398F-BF6F-9601F1DA5D54} = {2246A89D-BEA0-398F-BF6F-9601F1DA5D54}
	EndProjectSection
EndProject
Project("{8BC9CEB8-8B4A-11D0-8D11-00A0C91BC942}") = "test_resultsetmetadata", "test\unit\classes\test_resultsetmetadata.vcxproj", "{162D1BBC-DDF4-3C42-B5ED-2CF8403D7D8C}"
	ProjectSection(ProjectDependencies) = postProject
		{B1784D09-E1ED-3B6B-95E9-B2A65C2A3949} = {B1784D09-E1ED-3B6B-95E9-B2A65C2A3949}
		{0C492C42-CBC2-3F2C-859C-31811D29BC5E} = {0C492C42-CBC2-3F2C-859C-31811D29BC5E}
		{2246A89D-BEA0-398F-BF6F-9601F1DA5D54} = {2246A89D-BEA0-398F-BF6F-9601F1DA5D54}
	EndProjectSection
EndProject
Project("{8BC9CEB8-8B4A-11D0-8D11-00A0C91BC942}") = "test_savepoint", "test\unit\classes\test_savepoint.vcxproj", "{DF7F32DE-9242-398B-800B-1825EFDD3336}"
	ProjectSection(ProjectDependencies) = postProject
		{B1784D09-E1ED-3B6B-95E9-B2A65C2A3949} = {B1784D09-E1ED-3B6B-95E9-B2A65C2A3949}
		{0C492C42-CBC2-3F2C-859C-31811D29BC5E} = {0C492C42-CBC2-3F2C-859C-31811D29BC5E}
		{2246A89D-BEA0-398F-BF6F-9601F1DA5D54} = {2246A89D-BEA0-398F-BF6F-9601F1DA5D54}
	EndProjectSection
EndProject
Project("{8BC9CEB8-8B4A-11D0-8D11-00A0C91BC942}") = "test_statement", "test\unit\classes\test_statement.vcxproj", "{1D2280A3-4B53-37BD-A643-8BA7BB9C7240}"
	ProjectSection(ProjectDependencies) = postProject
		{B1784D09-E1ED-3B6B-95E9-B2A65C2A3949} = {B1784D09-E1ED-3B6B-95E9-B2A65C2A3949}
		{0C492C42-CBC2-3F2C-859C-31811D29BC5E} = {0C492C42-CBC2-3F2C-859C-31811D29BC5E}
		{2246A89D-BEA0-398F-BF6F-9601F1DA5D54} = {2246A89D-BEA0-398F-BF6F-9601F1DA5D54}
	EndProjectSection
EndProject
Project("{8BC9CEB8-8B4A-11D0-8D11-00A0C91BC942}") = "test_uri", "test\unit\classes\test_uri.vcxproj", "{50214CE8-3884-3D0D-B24B-FE030655B1E8}"
	ProjectSection(ProjectDependencies) = postProject
		{B1784D09-E1ED-3B6B-95E9-B2A65C2A3949} = {B1784D09-E1ED-3B6B-95E9-B2A65C2A3949}
		{0C492C42-CBC2-3F2C-859C-31811D29BC5E} = {0C492C42-CBC2-3F2C-859C-31811D29BC5E}
		{2246A89D-BEA0-398F-BF6F-9601F1DA5D54} = {2246A89D-BEA0-398F-BF6F-9601F1DA5D54}
	EndProjectSection
EndProject
Project("{8BC9CEB8-8B4A-11D0-8D11-00A0C91BC942}") = "test_variant", "test\unit\classes\test_variant.vcxproj", "{D8FE76F5-041A-370D-A6F6-AE484ACB5E89}"
	ProjectSection(ProjectDependencies) = postProject
		{B1784D09-E1ED-3B6B-95E9-B2A65C2A3949} = {B1784D09-E1ED-3B6B-95E9-B2A65C2A3949}
		{0C492C42-CBC2-3F2C-859C-31811D29BC5E} = {0C492C42-CBC2-3F2C-859C-31811D29BC5E}
		{2246A89D-BEA0-398F-BF6F-9601F1DA5D54} = {2246A89D-BEA0-398F-BF6F-9601F1DA5D54}
	EndProjectSection
EndProject
Project("{8BC9CEB8-8B4A-11D0-8D11-00A0C91BC942}") = "unsorted_bugs", "test\unit\bugs\unsorted_bugs.vcxproj", "{F57F846E-2EE8-3F45-BD0F-4E5B0176D0DA}"
	ProjectSection(ProjectDependencies) = postProject
		{B1784D09-E1ED-3B6B-95E9-B2A65C2A3949} = {B1784D09-E1ED-3B6B-95E9-B2A65C2A3949}
		{0C492C42-CBC2-3F2C-859C-31811D29BC5E} = {0C492C42-CBC2-3F2C-859C-31811D29BC5E}
		{2246A89D-BEA0-398F-BF6F-9601F1DA5D54} = {2246A89D-BEA0-398F-BF6F-9601F1DA5D54}
	EndProjectSection
EndProject
Global
	GlobalSection(SolutionConfigurationPlatforms) = preSolution
		Debug|Win32 = Debug|Win32
		Release|Win32 = Release|Win32
		MinSizeRel|Win32 = MinSizeRel|Win32
		RelWithDebInfo|Win32 = RelWithDebInfo|Win32
	EndGlobalSection
	GlobalSection(ProjectConfigurationPlatforms) = postSolution
		{77256AD9-15C8-3B08-AC8A-22F87BBE9697}.Debug|Win32.ActiveCfg = Debug|Win32
		{77256AD9-15C8-3B08-AC8A-22F87BBE9697}.Debug|Win32.Build.0 = Debug|Win32
		{77256AD9-15C8-3B08-AC8A-22F87BBE9697}.Release|Win32.ActiveCfg = Release|Win32
		{77256AD9-15C8-3B08-AC8A-22F87BBE9697}.Release|Win32.Build.0 = Release|Win32
		{77256AD9-15C8-3B08-AC8A-22F87BBE9697}.MinSizeRel|Win32.ActiveCfg = MinSizeRel|Win32
		{77256AD9-15C8-3B08-AC8A-22F87BBE9697}.MinSizeRel|Win32.Build.0 = MinSizeRel|Win32
		{77256AD9-15C8-3B08-AC8A-22F87BBE9697}.RelWithDebInfo|Win32.ActiveCfg = RelWithDebInfo|Win32
		{77256AD9-15C8-3B08-AC8A-22F87BBE9697}.RelWithDebInfo|Win32.Build.0 = RelWithDebInfo|Win32
		{D8802D18-DC49-3BE7-91EF-3AA6482CAC99}.Debug|Win32.ActiveCfg = Debug|Win32
		{D8802D18-DC49-3BE7-91EF-3AA6482CAC99}.Debug|Win32.Build.0 = Debug|Win32
		{D8802D18-DC49-3BE7-91EF-3AA6482CAC99}.Release|Win32.ActiveCfg = Release|Win32
		{D8802D18-DC49-3BE7-91EF-3AA6482CAC99}.Release|Win32.Build.0 = Release|Win32
		{D8802D18-DC49-3BE7-91EF-3AA6482CAC99}.MinSizeRel|Win32.ActiveCfg = MinSizeRel|Win32
		{D8802D18-DC49-3BE7-91EF-3AA6482CAC99}.MinSizeRel|Win32.Build.0 = MinSizeRel|Win32
		{D8802D18-DC49-3BE7-91EF-3AA6482CAC99}.RelWithDebInfo|Win32.ActiveCfg = RelWithDebInfo|Win32
		{D8802D18-DC49-3BE7-91EF-3AA6482CAC99}.RelWithDebInfo|Win32.Build.0 = RelWithDebInfo|Win32
		{159B2B55-C75E-3734-A04E-4ECEB25EB715}.Debug|Win32.ActiveCfg = Debug|Win32
		{159B2B55-C75E-3734-A04E-4ECEB25EB715}.Release|Win32.ActiveCfg = Release|Win32
		{159B2B55-C75E-3734-A04E-4ECEB25EB715}.MinSizeRel|Win32.ActiveCfg = MinSizeRel|Win32
		{159B2B55-C75E-3734-A04E-4ECEB25EB715}.RelWithDebInfo|Win32.ActiveCfg = RelWithDebInfo|Win32
		{4BB0CEAB-3AF1-3D08-9EF9-E1230700BC6C}.Debug|Win32.ActiveCfg = Debug|Win32
		{4BB0CEAB-3AF1-3D08-9EF9-E1230700BC6C}.Release|Win32.ActiveCfg = Release|Win32
		{4BB0CEAB-3AF1-3D08-9EF9-E1230700BC6C}.MinSizeRel|Win32.ActiveCfg = MinSizeRel|Win32
		{4BB0CEAB-3AF1-3D08-9EF9-E1230700BC6C}.RelWithDebInfo|Win32.ActiveCfg = RelWithDebInfo|Win32
		{B1784D09-E1ED-3B6B-95E9-B2A65C2A3949}.Debug|Win32.ActiveCfg = Debug|Win32
		{B1784D09-E1ED-3B6B-95E9-B2A65C2A3949}.Debug|Win32.Build.0 = Debug|Win32
		{B1784D09-E1ED-3B6B-95E9-B2A65C2A3949}.Release|Win32.ActiveCfg = Release|Win32
		{B1784D09-E1ED-3B6B-95E9-B2A65C2A3949}.Release|Win32.Build.0 = Release|Win32
		{B1784D09-E1ED-3B6B-95E9-B2A65C2A3949}.MinSizeRel|Win32.ActiveCfg = MinSizeRel|Win32
		{B1784D09-E1ED-3B6B-95E9-B2A65C2A3949}.MinSizeRel|Win32.Build.0 = MinSizeRel|Win32
		{B1784D09-E1ED-3B6B-95E9-B2A65C2A3949}.RelWithDebInfo|Win32.ActiveCfg = RelWithDebInfo|Win32
		{B1784D09-E1ED-3B6B-95E9-B2A65C2A3949}.RelWithDebInfo|Win32.Build.0 = RelWithDebInfo|Win32
		{91F840CD-68E1-3702-9398-665A6E6DA150}.Debug|Win32.ActiveCfg = Debug|Win32
		{91F840CD-68E1-3702-9398-665A6E6DA150}.Debug|Win32.Build.0 = Debug|Win32
		{91F840CD-68E1-3702-9398-665A6E6DA150}.Release|Win32.ActiveCfg = Release|Win32
		{91F840CD-68E1-3702-9398-665A6E6DA150}.Release|Win32.Build.0 = Release|Win32
		{91F840CD-68E1-3702-9398-665A6E6DA150}.MinSizeRel|Win32.ActiveCfg = MinSizeRel|Win32
		{91F840CD-68E1-3702-9398-665A6E6DA150}.MinSizeRel|Win32.Build.0 = MinSizeRel|Win32
		{91F840CD-68E1-3702-9398-665A6E6DA150}.RelWithDebInfo|Win32.ActiveCfg = RelWithDebInfo|Win32
		{91F840CD-68E1-3702-9398-665A6E6DA150}.RelWithDebInfo|Win32.Build.0 = RelWithDebInfo|Win32
		{674823E1-C76C-3C66-86A1-0A803F20ED51}.Debug|Win32.ActiveCfg = Debug|Win32
		{674823E1-C76C-3C66-86A1-0A803F20ED51}.Debug|Win32.Build.0 = Debug|Win32
		{674823E1-C76C-3C66-86A1-0A803F20ED51}.Release|Win32.ActiveCfg = Release|Win32
		{674823E1-C76C-3C66-86A1-0A803F20ED51}.Release|Win32.Build.0 = Release|Win32
		{674823E1-C76C-3C66-86A1-0A803F20ED51}.MinSizeRel|Win32.ActiveCfg = MinSizeRel|Win32
		{674823E1-C76C-3C66-86A1-0A803F20ED51}.MinSizeRel|Win32.Build.0 = MinSizeRel|Win32
		{674823E1-C76C-3C66-86A1-0A803F20ED51}.RelWithDebInfo|Win32.ActiveCfg = RelWithDebInfo|Win32
		{674823E1-C76C-3C66-86A1-0A803F20ED51}.RelWithDebInfo|Win32.Build.0 = RelWithDebInfo|Win32
		{1765F84B-1394-3E04-B42A-38B942D4B7E2}.Debug|Win32.ActiveCfg = Debug|Win32
		{1765F84B-1394-3E04-B42A-38B942D4B7E2}.Debug|Win32.Build.0 = Debug|Win32
		{1765F84B-1394-3E04-B42A-38B942D4B7E2}.Release|Win32.ActiveCfg = Release|Win32
		{1765F84B-1394-3E04-B42A-38B942D4B7E2}.Release|Win32.Build.0 = Release|Win32
		{1765F84B-1394-3E04-B42A-38B942D4B7E2}.MinSizeRel|Win32.ActiveCfg = MinSizeRel|Win32
		{1765F84B-1394-3E04-B42A-38B942D4B7E2}.MinSizeRel|Win32.Build.0 = MinSizeRel|Win32
		{1765F84B-1394-3E04-B42A-38B942D4B7E2}.RelWithDebInfo|Win32.ActiveCfg = RelWithDebInfo|Win32
		{1765F84B-1394-3E04-B42A-38B942D4B7E2}.RelWithDebInfo|Win32.Build.0 = RelWithDebInfo|Win32
		{188178FD-8770-3229-928F-113D94A9E55A}.Debug|Win32.ActiveCfg = Debug|Win32
		{188178FD-8770-3229-928F-113D94A9E55A}.Debug|Win32.Build.0 = Debug|Win32
		{188178FD-8770-3229-928F-113D94A9E55A}.Release|Win32.ActiveCfg = Release|Win32
		{188178FD-8770-3229-928F-113D94A9E55A}.Release|Win32.Build.0 = Release|Win32
		{188178FD-8770-3229-928F-113D94A9E55A}.MinSizeRel|Win32.ActiveCfg = MinSizeRel|Win32
		{188178FD-8770-3229-928F-113D94A9E55A}.MinSizeRel|Win32.Build.0 = MinSizeRel|Win32
		{188178FD-8770-3229-928F-113D94A9E55A}.RelWithDebInfo|Win32.ActiveCfg = RelWithDebInfo|Win32
		{188178FD-8770-3229-928F-113D94A9E55A}.RelWithDebInfo|Win32.Build.0 = RelWithDebInfo|Win32
		{CEB1F0FF-347B-3C9F-BFB6-D928B523AEB8}.Debug|Win32.ActiveCfg = Debug|Win32
		{CEB1F0FF-347B-3C9F-BFB6-D928B523AEB8}.Debug|Win32.Build.0 = Debug|Win32
		{CEB1F0FF-347B-3C9F-BFB6-D928B523AEB8}.Release|Win32.ActiveCfg = Release|Win32
		{CEB1F0FF-347B-3C9F-BFB6-D928B523AEB8}.Release|Win32.Build.0 = Release|Win32
		{CEB1F0FF-347B-3C9F-BFB6-D928B523AEB8}.MinSizeRel|Win32.ActiveCfg = MinSizeRel|Win32
		{CEB1F0FF-347B-3C9F-BFB6-D928B523AEB8}.MinSizeRel|Win32.Build.0 = MinSizeRel|Win32
		{CEB1F0FF-347B-3C9F-BFB6-D928B523AEB8}.RelWithDebInfo|Win32.ActiveCfg = RelWithDebInfo|Win32
		{CEB1F0FF-347B-3C9F-BFB6-D928B523AEB8}.RelWithDebInfo|Win32.Build.0 = RelWithDebInfo|Win32
		{8773A1F9-E570-3D31-9FD6-3A0734AD7A70}.Debug|Win32.ActiveCfg = Debug|Win32
		{8773A1F9-E570-3D31-9FD6-3A0734AD7A70}.Debug|Win32.Build.0 = Debug|Win32
		{8773A1F9-E570-3D31-9FD6-3A0734AD7A70}.Release|Win32.ActiveCfg = Release|Win32
		{8773A1F9-E570-3D31-9FD6-3A0734AD7A70}.Release|Win32.Build.0 = Release|Win32
		{8773A1F9-E570-3D31-9FD6-3A0734AD7A70}.MinSizeRel|Win32.ActiveCfg = MinSizeRel|Win32
		{8773A1F9-E570-3D31-9FD6-3A0734AD7A70}.MinSizeRel|Win32.Build.0 = MinSizeRel|Win32
		{8773A1F9-E570-3D31-9FD6-3A0734AD7A70}.RelWithDebInfo|Win32.ActiveCfg = RelWithDebInfo|Win32
		{8773A1F9-E570-3D31-9FD6-3A0734AD7A70}.RelWithDebInfo|Win32.Build.0 = RelWithDebInfo|Win32
		{2F5E392D-4F30-3E68-8E2B-96DC6DB92D81}.Debug|Win32.ActiveCfg = Debug|Win32
		{2F5E392D-4F30-3E68-8E2B-96DC6DB92D81}.Debug|Win32.Build.0 = Debug|Win32
		{2F5E392D-4F30-3E68-8E2B-96DC6DB92D81}.Release|Win32.ActiveCfg = Release|Win32
		{2F5E392D-4F30-3E68-8E2B-96DC6DB92D81}.Release|Win32.Build.0 = Release|Win32
		{2F5E392D-4F30-3E68-8E2B-96DC6DB92D81}.MinSizeRel|Win32.ActiveCfg = MinSizeRel|Win32
		{2F5E392D-4F30-3E68-8E2B-96DC6DB92D81}.MinSizeRel|Win32.Build.0 = MinSizeRel|Win32
		{2F5E392D-4F30-3E68-8E2B-96DC6DB92D81}.RelWithDebInfo|Win32.ActiveCfg = RelWithDebInfo|Win32
		{2F5E392D-4F30-3E68-8E2B-96DC6DB92D81}.RelWithDebInfo|Win32.Build.0 = RelWithDebInfo|Win32
		{47894CED-5B30-3235-8404-EA03F6F07BF5}.Debug|Win32.ActiveCfg = Debug|Win32
		{47894CED-5B30-3235-8404-EA03F6F07BF5}.Debug|Win32.Build.0 = Debug|Win32
		{47894CED-5B30-3235-8404-EA03F6F07BF5}.Release|Win32.ActiveCfg = Release|Win32
		{47894CED-5B30-3235-8404-EA03F6F07BF5}.Release|Win32.Build.0 = Release|Win32
		{47894CED-5B30-3235-8404-EA03F6F07BF5}.MinSizeRel|Win32.ActiveCfg = MinSizeRel|Win32
		{47894CED-5B30-3235-8404-EA03F6F07BF5}.MinSizeRel|Win32.Build.0 = MinSizeRel|Win32
		{47894CED-5B30-3235-8404-EA03F6F07BF5}.RelWithDebInfo|Win32.ActiveCfg = RelWithDebInfo|Win32
		{47894CED-5B30-3235-8404-EA03F6F07BF5}.RelWithDebInfo|Win32.Build.0 = RelWithDebInfo|Win32
		{FC9340E8-08CC-3CF8-A8A9-95B4795F0B07}.Debug|Win32.ActiveCfg = Debug|Win32
		{FC9340E8-08CC-3CF8-A8A9-95B4795F0B07}.Debug|Win32.Build.0 = Debug|Win32
		{FC9340E8-08CC-3CF8-A8A9-95B4795F0B07}.Release|Win32.ActiveCfg = Release|Win32
		{FC9340E8-08CC-3CF8-A8A9-95B4795F0B07}.Release|Win32.Build.0 = Release|Win32
		{FC9340E8-08CC-3CF8-A8A9-95B4795F0B07}.MinSizeRel|Win32.ActiveCfg = MinSizeRel|Win32
		{FC9340E8-08CC-3CF8-A8A9-95B4795F0B07}.MinSizeRel|Win32.Build.0 = MinSizeRel|Win32
		{FC9340E8-08CC-3CF8-A8A9-95B4795F0B07}.RelWithDebInfo|Win32.ActiveCfg = RelWithDebInfo|Win32
		{FC9340E8-08CC-3CF8-A8A9-95B4795F0B07}.RelWithDebInfo|Win32.Build.0 = RelWithDebInfo|Win32
		{0C492C42-CBC2-3F2C-859C-31811D29BC5E}.Debug|Win32.ActiveCfg = Debug|Win32
		{0C492C42-CBC2-3F2C-859C-31811D29BC5E}.Debug|Win32.Build.0 = Debug|Win32
		{0C492C42-CBC2-3F2C-859C-31811D29BC5E}.Release|Win32.ActiveCfg = Release|Win32
		{0C492C42-CBC2-3F2C-859C-31811D29BC5E}.Release|Win32.Build.0 = Release|Win32
		{0C492C42-CBC2-3F2C-859C-31811D29BC5E}.MinSizeRel|Win32.ActiveCfg = MinSizeRel|Win32
		{0C492C42-CBC2-3F2C-859C-31811D29BC5E}.MinSizeRel|Win32.Build.0 = MinSizeRel|Win32
		{0C492C42-CBC2-3F2C-859C-31811D29BC5E}.RelWithDebInfo|Win32.ActiveCfg = RelWithDebInfo|Win32
		{0C492C42-CBC2-3F2C-859C-31811D29BC5E}.RelWithDebInfo|Win32.Build.0 = RelWithDebInfo|Win32
		{4F9D024D-33DB-3EE4-96FD-942B93A149A9}.Debug|Win32.ActiveCfg = Debug|Win32
		{4F9D024D-33DB-3EE4-96FD-942B93A149A9}.Debug|Win32.Build.0 = Debug|Win32
		{4F9D024D-33DB-3EE4-96FD-942B93A149A9}.Release|Win32.ActiveCfg = Release|Win32
		{4F9D024D-33DB-3EE4-96FD-942B93A149A9}.Release|Win32.Build.0 = Release|Win32
		{4F9D024D-33DB-3EE4-96FD-942B93A149A9}.MinSizeRel|Win32.ActiveCfg = MinSizeRel|Win32
		{4F9D024D-33DB-3EE4-96FD-942B93A149A9}.MinSizeRel|Win32.Build.0 = MinSizeRel|Win32
		{4F9D024D-33DB-3EE4-96FD-942B93A149A9}.RelWithDebInfo|Win32.ActiveCfg = RelWithDebInfo|Win32
		{4F9D024D-33DB-3EE4-96FD-942B93A149A9}.RelWithDebInfo|Win32.Build.0 = RelWithDebInfo|Win32
		{6817BDD4-0B6C-3F01-850F-813C2196652D}.Debug|Win32.ActiveCfg = Debug|Win32
		{6817BDD4-0B6C-3F01-850F-813C2196652D}.Debug|Win32.Build.0 = Debug|Win32
		{6817BDD4-0B6C-3F01-850F-813C2196652D}.Release|Win32.ActiveCfg = Release|Win32
		{6817BDD4-0B6C-3F01-850F-813C2196652D}.Release|Win32.Build.0 = Release|Win32
		{6817BDD4-0B6C-3F01-850F-813C2196652D}.MinSizeRel|Win32.ActiveCfg = MinSizeRel|Win32
		{6817BDD4-0B6C-3F01-850F-813C2196652D}.MinSizeRel|Win32.Build.0 = MinSizeRel|Win32
		{6817BDD4-0B6C-3F01-850F-813C2196652D}.RelWithDebInfo|Win32.ActiveCfg = RelWithDebInfo|Win32
		{6817BDD4-0B6C-3F01-850F-813C2196652D}.RelWithDebInfo|Win32.Build.0 = RelWithDebInfo|Win32
		{42440FC2-4122-3204-BA5F-55BC34F11F70}.Debug|Win32.ActiveCfg = Debug|Win32
		{42440FC2-4122-3204-BA5F-55BC34F11F70}.Debug|Win32.Build.0 = Debug|Win32
		{42440FC2-4122-3204-BA5F-55BC34F11F70}.Release|Win32.ActiveCfg = Release|Win32
		{42440FC2-4122-3204-BA5F-55BC34F11F70}.Release|Win32.Build.0 = Release|Win32
		{42440FC2-4122-3204-BA5F-55BC34F11F70}.MinSizeRel|Win32.ActiveCfg = MinSizeRel|Win32
		{42440FC2-4122-3204-BA5F-55BC34F11F70}.MinSizeRel|Win32.Build.0 = MinSizeRel|Win32
		{42440FC2-4122-3204-BA5F-55BC34F11F70}.RelWithDebInfo|Win32.ActiveCfg = RelWithDebInfo|Win32
		{42440FC2-4122-3204-BA5F-55BC34F11F70}.RelWithDebInfo|Win32.Build.0 = RelWithDebInfo|Win32
		{3BD09D2E-46F0-32F2-9A47-2ECE8244562B}.Debug|Win32.ActiveCfg = Debug|Win32
		{3BD09D2E-46F0-32F2-9A47-2ECE8244562B}.Debug|Win32.Build.0 = Debug|Win32
		{3BD09D2E-46F0-32F2-9A47-2ECE8244562B}.Release|Win32.ActiveCfg = Release|Win32
		{3BD09D2E-46F0-32F2-9A47-2ECE8244562B}.Release|Win32.Build.0 = Release|Win32
		{3BD09D2E-46F0-32F2-9A47-2ECE8244562B}.MinSizeRel|Win32.ActiveCfg = MinSizeRel|Win32
		{3BD09D2E-46F0-32F2-9A47-2ECE8244562B}.MinSizeRel|Win32.Build.0 = MinSizeRel|Win32
		{3BD09D2E-46F0-32F2-9A47-2ECE8244562B}.RelWithDebInfo|Win32.ActiveCfg = RelWithDebInfo|Win32
		{3BD09D2E-46F0-32F2-9A47-2ECE8244562B}.RelWithDebInfo|Win32.Build.0 = RelWithDebInfo|Win32
		{BAA5E7DE-8E00-3626-B7E2-809A380A5384}.Debug|Win32.ActiveCfg = Debug|Win32
		{BAA5E7DE-8E00-3626-B7E2-809A380A5384}.Debug|Win32.Build.0 = Debug|Win32
		{BAA5E7DE-8E00-3626-B7E2-809A380A5384}.Release|Win32.ActiveCfg = Release|Win32
		{BAA5E7DE-8E00-3626-B7E2-809A380A5384}.Release|Win32.Build.0 = Release|Win32
		{BAA5E7DE-8E00-3626-B7E2-809A380A5384}.MinSizeRel|Win32.ActiveCfg = MinSizeRel|Win32
		{BAA5E7DE-8E00-3626-B7E2-809A380A5384}.MinSizeRel|Win32.Build.0 = MinSizeRel|Win32
		{BAA5E7DE-8E00-3626-B7E2-809A380A5384}.RelWithDebInfo|Win32.ActiveCfg = RelWithDebInfo|Win32
		{BAA5E7DE-8E00-3626-B7E2-809A380A5384}.RelWithDebInfo|Win32.Build.0 = RelWithDebInfo|Win32
		{B017D7D3-BC96-338E-B4A0-8EE44B478F62}.Debug|Win32.ActiveCfg = Debug|Win32
		{B017D7D3-BC96-338E-B4A0-8EE44B478F62}.Debug|Win32.Build.0 = Debug|Win32
		{B017D7D3-BC96-338E-B4A0-8EE44B478F62}.Release|Win32.ActiveCfg = Release|Win32
		{B017D7D3-BC96-338E-B4A0-8EE44B478F62}.Release|Win32.Build.0 = Release|Win32
		{B017D7D3-BC96-338E-B4A0-8EE44B478F62}.MinSizeRel|Win32.ActiveCfg = MinSizeRel|Win32
		{B017D7D3-BC96-338E-B4A0-8EE44B478F62}.MinSizeRel|Win32.Build.0 = MinSizeRel|Win32
		{B017D7D3-BC96-338E-B4A0-8EE44B478F62}.RelWithDebInfo|Win32.ActiveCfg = RelWithDebInfo|Win32
		{B017D7D3-BC96-338E-B4A0-8EE44B478F62}.RelWithDebInfo|Win32.Build.0 = RelWithDebInfo|Win32
		{A7CA8CEB-8018-38DB-9E3F-7D898943CFD6}.Debug|Win32.ActiveCfg = Debug|Win32
		{A7CA8CEB-8018-38DB-9E3F-7D898943CFD6}.Debug|Win32.Build.0 = Debug|Win32
		{A7CA8CEB-8018-38DB-9E3F-7D898943CFD6}.Release|Win32.ActiveCfg = Release|Win32
		{A7CA8CEB-8018-38DB-9E3F-7D898943CFD6}.Release|Win32.Build.0 = Release|Win32
		{A7CA8CEB-8018-38DB-9E3F-7D898943CFD6}.MinSizeRel|Win32.ActiveCfg = MinSizeRel|Win32
		{A7CA8CEB-8018-38DB-9E3F-7D898943CFD6}.MinSizeRel|Win32.Build.0 = MinSizeRel|Win32
		{A7CA8CEB-8018-38DB-9E3F-7D898943CFD6}.RelWithDebInfo|Win32.ActiveCfg = RelWithDebInfo|Win32
		{A7CA8CEB-8018-38DB-9E3F-7D898943CFD6}.RelWithDebInfo|Win32.Build.0 = RelWithDebInfo|Win32
		{AC85298B-86E7-32D2-B470-7F01DA9FD0E6}.Debug|Win32.ActiveCfg = Debug|Win32
		{AC85298B-86E7-32D2-B470-7F01DA9FD0E6}.Debug|Win32.Build.0 = Debug|Win32
		{AC85298B-86E7-32D2-B470-7F01DA9FD0E6}.Release|Win32.ActiveCfg = Release|Win32
		{AC85298B-86E7-32D2-B470-7F01DA9FD0E6}.Release|Win32.Build.0 = Release|Win32
		{AC85298B-86E7-32D2-B470-7F01DA9FD0E6}.MinSizeRel|Win32.ActiveCfg = MinSizeRel|Win32
		{AC85298B-86E7-32D2-B470-7F01DA9FD0E6}.MinSizeRel|Win32.Build.0 = MinSizeRel|Win32
		{AC85298B-86E7-32D2-B470-7F01DA9FD0E6}.RelWithDebInfo|Win32.ActiveCfg = RelWithDebInfo|Win32
		{AC85298B-86E7-32D2-B470-7F01DA9FD0E6}.RelWithDebInfo|Win32.Build.0 = RelWithDebInfo|Win32
		{AECC312C-B3FE-3D20-92CA-04854AF27F83}.Debug|Win32.ActiveCfg = Debug|Win32
		{AECC312C-B3FE-3D20-92CA-04854AF27F83}.Debug|Win32.Build.0 = Debug|Win32
		{AECC312C-B3FE-3D20-92CA-04854AF27F83}.Release|Win32.ActiveCfg = Release|Win32
		{AECC312C-B3FE-3D20-92CA-04854AF27F83}.Release|Win32.Build.0 = Release|Win32
		{AECC312C-B3FE-3D20-92CA-04854AF27F83}.MinSizeRel|Win32.ActiveCfg = MinSizeRel|Win32
		{AECC312C-B3FE-3D20-92CA-04854AF27F83}.MinSizeRel|Win32.Build.0 = MinSizeRel|Win32
		{AECC312C-B3FE-3D20-92CA-04854AF27F83}.RelWithDebInfo|Win32.ActiveCfg = RelWithDebInfo|Win32
		{AECC312C-B3FE-3D20-92CA-04854AF27F83}.RelWithDebInfo|Win32.Build.0 = RelWithDebInfo|Win32
		{68F227DE-C3B6-3C97-98D3-8C41B6F33944}.Debug|Win32.ActiveCfg = Debug|Win32
		{68F227DE-C3B6-3C97-98D3-8C41B6F33944}.Debug|Win32.Build.0 = Debug|Win32
		{68F227DE-C3B6-3C97-98D3-8C41B6F33944}.Release|Win32.ActiveCfg = Release|Win32
		{68F227DE-C3B6-3C97-98D3-8C41B6F33944}.Release|Win32.Build.0 = Release|Win32
		{68F227DE-C3B6-3C97-98D3-8C41B6F33944}.MinSizeRel|Win32.ActiveCfg = MinSizeRel|Win32
		{68F227DE-C3B6-3C97-98D3-8C41B6F33944}.MinSizeRel|Win32.Build.0 = MinSizeRel|Win32
		{68F227DE-C3B6-3C97-98D3-8C41B6F33944}.RelWithDebInfo|Win32.ActiveCfg = RelWithDebInfo|Win32
		{68F227DE-C3B6-3C97-98D3-8C41B6F33944}.RelWithDebInfo|Win32.Build.0 = RelWithDebInfo|Win32
		{C6F2DA0E-7DA8-37AD-A55E-8091A81C2ADA}.Debug|Win32.ActiveCfg = Debug|Win32
		{C6F2DA0E-7DA8-37AD-A55E-8091A81C2ADA}.Debug|Win32.Build.0 = Debug|Win32
		{C6F2DA0E-7DA8-37AD-A55E-8091A81C2ADA}.Release|Win32.ActiveCfg = Release|Win32
		{C6F2DA0E-7DA8-37AD-A55E-8091A81C2ADA}.Release|Win32.Build.0 = Release|Win32
		{C6F2DA0E-7DA8-37AD-A55E-8091A81C2ADA}.MinSizeRel|Win32.ActiveCfg = MinSizeRel|Win32
		{C6F2DA0E-7DA8-37AD-A55E-8091A81C2ADA}.MinSizeRel|Win32.Build.0 = MinSizeRel|Win32
		{C6F2DA0E-7DA8-37AD-A55E-8091A81C2ADA}.RelWithDebInfo|Win32.ActiveCfg = RelWithDebInfo|Win32
		{C6F2DA0E-7DA8-37AD-A55E-8091A81C2ADA}.RelWithDebInfo|Win32.Build.0 = RelWithDebInfo|Win32
		{98E9E94E-9C26-3932-9BF1-43173018224F}.Debug|Win32.ActiveCfg = Debug|Win32
		{98E9E94E-9C26-3932-9BF1-43173018224F}.Debug|Win32.Build.0 = Debug|Win32
		{98E9E94E-9C26-3932-9BF1-43173018224F}.Release|Win32.ActiveCfg = Release|Win32
		{98E9E94E-9C26-3932-9BF1-43173018224F}.Release|Win32.Build.0 = Release|Win32
		{98E9E94E-9C26-3932-9BF1-43173018224F}.MinSizeRel|Win32.ActiveCfg = MinSizeRel|Win32
		{98E9E94E-9C26-3932-9BF1-43173018224F}.MinSizeRel|Win32.Build.0 = MinSizeRel|Win32
		{98E9E94E-9C26-3932-9BF1-43173018224F}.RelWithDebInfo|Win32.ActiveCfg = RelWithDebInfo|Win32
		{98E9E94E-9C26-3932-9BF1-43173018224F}.RelWithDebInfo|Win32.Build.0 = RelWithDebInfo|Win32
		{2246A89D-BEA0-398F-BF6F-9601F1DA5D54}.Debug|Win32.ActiveCfg = Debug|Win32
		{2246A89D-BEA0-398F-BF6F-9601F1DA5D54}.Debug|Win32.Build.0 = Debug|Win32
		{2246A89D-BEA0-398F-BF6F-9601F1DA5D54}.Release|Win32.ActiveCfg = Release|Win32
		{2246A89D-BEA0-398F-BF6F-9601F1DA5D54}.Release|Win32.Build.0 = Release|Win32
		{2246A89D-BEA0-398F-BF6F-9601F1DA5D54}.MinSizeRel|Win32.ActiveCfg = MinSizeRel|Win32
		{2246A89D-BEA0-398F-BF6F-9601F1DA5D54}.MinSizeRel|Win32.Build.0 = MinSizeRel|Win32
		{2246A89D-BEA0-398F-BF6F-9601F1DA5D54}.RelWithDebInfo|Win32.ActiveCfg = RelWithDebInfo|Win32
		{2246A89D-BEA0-398F-BF6F-9601F1DA5D54}.RelWithDebInfo|Win32.Build.0 = RelWithDebInfo|Win32
		{790E8D5A-5948-3620-A8B6-C1ECCB9FDAFE}.Debug|Win32.ActiveCfg = Debug|Win32
		{790E8D5A-5948-3620-A8B6-C1ECCB9FDAFE}.Debug|Win32.Build.0 = Debug|Win32
		{790E8D5A-5948-3620-A8B6-C1ECCB9FDAFE}.Release|Win32.ActiveCfg = Release|Win32
		{790E8D5A-5948-3620-A8B6-C1ECCB9FDAFE}.Release|Win32.Build.0 = Release|Win32
		{790E8D5A-5948-3620-A8B6-C1ECCB9FDAFE}.MinSizeRel|Win32.ActiveCfg = MinSizeRel|Win32
		{790E8D5A-5948-3620-A8B6-C1ECCB9FDAFE}.MinSizeRel|Win32.Build.0 = MinSizeRel|Win32
		{790E8D5A-5948-3620-A8B6-C1ECCB9FDAFE}.RelWithDebInfo|Win32.ActiveCfg = RelWithDebInfo|Win32
		{790E8D5A-5948-3620-A8B6-C1ECCB9FDAFE}.RelWithDebInfo|Win32.Build.0 = RelWithDebInfo|Win32
		{11E85134-3FA4-3C25-B506-CB398E62946A}.Debug|Win32.ActiveCfg = Debug|Win32
		{11E85134-3FA4-3C25-B506-CB398E62946A}.Debug|Win32.Build.0 = Debug|Win32
		{11E85134-3FA4-3C25-B506-CB398E62946A}.Release|Win32.ActiveCfg = Release|Win32
		{11E85134-3FA4-3C25-B506-CB398E62946A}.Release|Win32.Build.0 = Release|Win32
		{11E85134-3FA4-3C25-B506-CB398E62946A}.MinSizeRel|Win32.ActiveCfg = MinSizeRel|Win32
		{11E85134-3FA4-3C25-B506-CB398E62946A}.MinSizeRel|Win32.Build.0 = MinSizeRel|Win32
		{11E85134-3FA4-3C25-B506-CB398E62946A}.RelWithDebInfo|Win32.ActiveCfg = RelWithDebInfo|Win32
		{11E85134-3FA4-3C25-B506-CB398E62946A}.RelWithDebInfo|Win32.Build.0 = RelWithDebInfo|Win32
		{0EB722BF-AA20-3B39-9DE9-C8E65266C8B1}.Debug|Win32.ActiveCfg = Debug|Win32
		{0EB722BF-AA20-3B39-9DE9-C8E65266C8B1}.Debug|Win32.Build.0 = Debug|Win32
		{0EB722BF-AA20-3B39-9DE9-C8E65266C8B1}.Release|Win32.ActiveCfg = Release|Win32
		{0EB722BF-AA20-3B39-9DE9-C8E65266C8B1}.Release|Win32.Build.0 = Release|Win32
		{0EB722BF-AA20-3B39-9DE9-C8E65266C8B1}.MinSizeRel|Win32.ActiveCfg = MinSizeRel|Win32
		{0EB722BF-AA20-3B39-9DE9-C8E65266C8B1}.MinSizeRel|Win32.Build.0 = MinSizeRel|Win32
		{0EB722BF-AA20-3B39-9DE9-C8E65266C8B1}.RelWithDebInfo|Win32.ActiveCfg = RelWithDebInfo|Win32
		{0EB722BF-AA20-3B39-9DE9-C8E65266C8B1}.RelWithDebInfo|Win32.Build.0 = RelWithDebInfo|Win32
		{162D1BBC-DDF4-3C42-B5ED-2CF8403D7D8C}.Debug|Win32.ActiveCfg = Debug|Win32
		{162D1BBC-DDF4-3C42-B5ED-2CF8403D7D8C}.Debug|Win32.Build.0 = Debug|Win32
		{162D1BBC-DDF4-3C42-B5ED-2CF8403D7D8C}.Release|Win32.ActiveCfg = Release|Win32
		{162D1BBC-DDF4-3C42-B5ED-2CF8403D7D8C}.Release|Win32.Build.0 = Release|Win32
		{162D1BBC-DDF4-3C42-B5ED-2CF8403D7D8C}.MinSizeRel|Win32.ActiveCfg = MinSizeRel|Win32
		{162D1BBC-DDF4-3C42-B5ED-2CF8403D7D8C}.MinSizeRel|Win32.Build.0 = MinSizeRel|Win32
		{162D1BBC-DDF4-3C42-B5ED-2CF8403D7D8C}.RelWithDebInfo|Win32.ActiveCfg = RelWithDebInfo|Win32
		{162D1BBC-DDF4-3C42-B5ED-2CF8403D7D8C}.RelWithDebInfo|Win32.Build.0 = RelWithDebInfo|Win32
		{DF7F32DE-9242-398B-800B-1825EFDD3336}.Debug|Win32.ActiveCfg = Debug|Win32
		{DF7F32DE-9242-398B-800B-1825EFDD3336}.Debug|Win32.Build.0 = Debug|Win32
		{DF7F32DE-9242-398B-800B-1825EFDD3336}.Release|Win32.ActiveCfg = Release|Win32
		{DF7F32DE-9242-398B-800B-1825EFDD3336}.Release|Win32.Build.0 = Release|Win32
		{DF7F32DE-9242-398B-800B-1825EFDD3336}.MinSizeRel|Win32.ActiveCfg = MinSizeRel|Win32
		{DF7F32DE-9242-398B-800B-1825EFDD3336}.MinSizeRel|Win32.Build.0 = MinSizeRel|Win32
		{DF7F32DE-9242-398B-800B-1825EFDD3336}.RelWithDebInfo|Win32.ActiveCfg = RelWithDebInfo|Win32
		{DF7F32DE-9242-398B-800B-1825EFDD3336}.RelWithDebInfo|Win32.Build.0 = RelWithDebInfo|Win32
		{1D2280A3-4B53-37BD-A643-8BA7BB9C7240}.Debug|Win32.ActiveCfg = Debug|Win32
		{1D2280A3-4B53-37BD-A643-8BA7BB9C7240}.Debug|Win32.Build.0 = Debug|Win32
		{1D2280A3-4B53-37BD-A643-8BA7BB9C7240}.Release|Win32.ActiveCfg = Release|Win32
		{1D2280A3-4B53-37BD-A643-8BA7BB9C7240}.Release|Win32.Build.0 = Release|Win32
		{1D2280A3-4B53-37BD-A643-8BA7BB9C7240}.MinSizeRel|Win32.ActiveCfg = MinSizeRel|Win32
		{1D2280A3-4B53-37BD-A643-8BA7BB9C7240}.MinSizeRel|Win32.Build.0 = MinSizeRel|Win32
		{1D2280A3-4B53-37BD-A643-8BA7BB9C7240}.RelWithDebInfo|Win32.ActiveCfg = RelWithDebInfo|Win32
		{1D2280A3-4B53-37BD-A643-8BA7BB9C7240}.RelWithDebInfo|Win32.Build.0 = RelWithDebInfo|Win32
		{50214CE8-3884-3D0D-B24B-FE030655B1E8}.Debug|Win32.ActiveCfg = Debug|Win32
		{50214CE8-3884-3D0D-B24B-FE030655B1E8}.Debug|Win32.Build.0 = Debug|Win32
		{50214CE8-3884-3D0D-B24B-FE030655B1E8}.Release|Win32.ActiveCfg = Release|Win32
		{50214CE8-3884-3D0D-B24B-FE030655B1E8}.Release|Win32.Build.0 = Release|Win32
		{50214CE8-3884-3D0D-B24B-FE030655B1E8}.MinSizeRel|Win32.ActiveCfg = MinSizeRel|Win32
		{50214CE8-3884-3D0D-B24B-FE030655B1E8}.MinSizeRel|Win32.Build.0 = MinSizeRel|Win32
		{50214CE8-3884-3D0D-B24B-FE030655B1E8}.RelWithDebInfo|Win32.ActiveCfg = RelWithDebInfo|Win32
		{50214CE8-3884-3D0D-B24B-FE030655B1E8}.RelWithDebInfo|Win32.Build.0 = RelWithDebInfo|Win32
		{D8FE76F5-041A-370D-A6F6-AE484ACB5E89}.Debug|Win32.ActiveCfg = Debug|Win32
		{D8FE76F5-041A-370D-A6F6-AE484ACB5E89}.Debug|Win32.Build.0 = Debug|Win32
		{D8FE76F5-041A-370D-A6F6-AE484ACB5E89}.Release|Win32.ActiveCfg = Release|Win32
		{D8FE76F5-041A-370D-A6F6-AE484ACB5E89}.Release|Win32.Build.0 = Release|Win32
		{D8FE76F5-041A-370D-A6F6-AE484ACB5E89}.MinSizeRel|Win32.ActiveCfg = MinSizeRel|Win32
		{D8FE76F5-041A-370D-A6F6-AE484ACB5E89}.MinSizeRel|Win32.Build.0 = MinSizeRel|Win32
		{D8FE76F5-041A-370D-A6F6-AE484ACB5E89}.RelWithDebInfo|Win32.ActiveCfg = RelWithDebInfo|Win32
		{D8FE76F5-041A-370D-A6F6-AE484ACB5E89}.RelWithDebInfo|Win32.Build.0 = RelWithDebInfo|Win32
		{F57F846E-2EE8-3F45-BD0F-4E5B0176D0DA}.Debug|Win32.ActiveCfg = Debug|Win32
		{F57F846E-2EE8-3F45-BD0F-4E5B0176D0DA}.Debug|Win32.Build.0 = Debug|Win32
		{F57F846E-2EE8-3F45-BD0F-4E5B0176D0DA}.Release|Win32.ActiveCfg = Release|Win32
		{F57F846E-2EE8-3F45-BD0F-4E5B0176D0DA}.Release|Win32.Build.0 = Release|Win32
		{F57F846E-2EE8-3F45-BD0F-4E5B0176D0DA}.MinSizeRel|Win32.ActiveCfg = MinSizeRel|Win32
		{F57F846E-2EE8-3F45-BD0F-4E5B0176D0DA}.MinSizeRel|Win32.Build.0 = MinSizeRel|Win32
		{F57F846E-2EE8-3F45-BD0F-4E5B0176D0DA}.RelWithDebInfo|Win32.ActiveCfg = RelWithDebInfo|Win32
		{F57F846E-2EE8-3F45-BD0F-4E5B0176D0DA}.RelWithDebInfo|Win32.Build.0 = RelWithDebInfo|Win32
	EndGlobalSection
	GlobalSection(ExtensibilityGlobals) = postSolution
	EndGlobalSection
	GlobalSection(ExtensibilityAddIns) = postSolution
	EndGlobalSection
EndGlobal
