<?xml version="1.0" encoding="UTF-8"?>
<Project ToolsVersion="14.0" xmlns="http://schemas.microsoft.com/developer/msbuild/2003">
  <ItemGroup>
    <CustomBuild Include="C:\Users\Maxime\GIT\EIP---HTTPS_SRV\test\mysql\mysql-connector-c++-1.1.6\CMakeFiles\79c475987a77454e2063e209f323c878\PACKAGE_force.rule">
      <Filter>CMake Rules</Filter>
    </CustomBuild>
  </ItemGroup>
  <ItemGroup>
    <Filter Include="CMake Rules">
      <UniqueIdentifier>{58560AC7-458A-3045-9A7C-DABC69584021}</UniqueIdentifier>
    </Filter>
  </ItemGroup>
</Project>
