<?xml version="1.0" encoding="UTF-8"?>
<Project ToolsVersion="14.0" xmlns="http://schemas.microsoft.com/developer/msbuild/2003">
  <ItemGroup>
    <ClCompile Include="C:\Users\Maxime\GIT\EIP---HTTPS_SRV\test\mysql\mysql-connector-c++-1.1.6\driver\mysql_art_resultset.cpp">
      <Filter>Source Files</Filter>
    </ClCompile>
    <ClCompile Include="C:\Users\Maxime\GIT\EIP---HTTPS_SRV\test\mysql\mysql-connector-c++-1.1.6\driver\mysql_art_rset_metadata.cpp">
      <Filter>Source Files</Filter>
    </ClCompile>
    <ClCompile Include="C:\Users\Maxime\GIT\EIP---HTTPS_SRV\test\mysql\mysql-connector-c++-1.1.6\driver\mysql_connection.cpp">
      <Filter>Source Files</Filter>
    </ClCompile>
    <ClCompile Include="C:\Users\Maxime\GIT\EIP---HTTPS_SRV\test\mysql\mysql-connector-c++-1.1.6\driver\mysql_debug.cpp">
      <Filter>Source Files</Filter>
    </ClCompile>
    <ClCompile Include="C:\Users\Maxime\GIT\EIP---HTTPS_SRV\test\mysql\mysql-connector-c++-1.1.6\driver\mysql_driver.cpp">
      <Filter>Source Files</Filter>
    </ClCompile>
    <ClCompile Include="C:\Users\Maxime\GIT\EIP---HTTPS_SRV\test\mysql\mysql-connector-c++-1.1.6\driver\mysql_metadata.cpp">
      <Filter>Source Files</Filter>
    </ClCompile>
    <ClCompile Include="C:\Users\Maxime\GIT\EIP---HTTPS_SRV\test\mysql\mysql-connector-c++-1.1.6\driver\mysql_parameter_metadata.cpp">
      <Filter>Source Files</Filter>
    </ClCompile>
    <ClCompile Include="C:\Users\Maxime\GIT\EIP---HTTPS_SRV\test\mysql\mysql-connector-c++-1.1.6\driver\mysql_prepared_statement.cpp">
      <Filter>Source Files</Filter>
    </ClCompile>
    <ClCompile Include="C:\Users\Maxime\GIT\EIP---HTTPS_SRV\test\mysql\mysql-connector-c++-1.1.6\driver\mysql_ps_resultset.cpp">
      <Filter>Source Files</Filter>
    </ClCompile>
    <ClCompile Include="C:\Users\Maxime\GIT\EIP---HTTPS_SRV\test\mysql\mysql-connector-c++-1.1.6\driver\mysql_ps_resultset_metadata.cpp">
      <Filter>Source Files</Filter>
    </ClCompile>
    <ClCompile Include="C:\Users\Maxime\GIT\EIP---HTTPS_SRV\test\mysql\mysql-connector-c++-1.1.6\driver\mysql_resultbind.cpp">
      <Filter>Source Files</Filter>
    </ClCompile>
    <ClCompile Include="C:\Users\Maxime\GIT\EIP---HTTPS_SRV\test\mysql\mysql-connector-c++-1.1.6\driver\mysql_resultset.cpp">
      <Filter>Source Files</Filter>
    </ClCompile>
    <ClCompile Include="C:\Users\Maxime\GIT\EIP---HTTPS_SRV\test\mysql\mysql-connector-c++-1.1.6\driver\mysql_resultset_metadata.cpp">
      <Filter>Source Files</Filter>
    </ClCompile>
    <ClCompile Include="C:\Users\Maxime\GIT\EIP---HTTPS_SRV\test\mysql\mysql-connector-c++-1.1.6\driver\mysql_statement.cpp">
      <Filter>Source Files</Filter>
    </ClCompile>
    <ClCompile Include="C:\Users\Maxime\GIT\EIP---HTTPS_SRV\test\mysql\mysql-connector-c++-1.1.6\driver\mysql_util.cpp">
      <Filter>Source Files</Filter>
    </ClCompile>
    <ClCompile Include="C:\Users\Maxime\GIT\EIP---HTTPS_SRV\test\mysql\mysql-connector-c++-1.1.6\driver\mysql_warning.cpp">
      <Filter>Source Files</Filter>
    </ClCompile>
    <ClCompile Include="C:\Users\Maxime\GIT\EIP---HTTPS_SRV\test\mysql\mysql-connector-c++-1.1.6\driver\mysql_uri.cpp">
      <Filter>Source Files</Filter>
    </ClCompile>
    <ClCompile Include="C:\Users\Maxime\GIT\EIP---HTTPS_SRV\test\mysql\mysql-connector-c++-1.1.6\driver\nativeapi\mysql_client_api.cpp">
      <Filter>NativeApi</Filter>
    </ClCompile>
    <ClCompile Include="C:\Users\Maxime\GIT\EIP---HTTPS_SRV\test\mysql\mysql-connector-c++-1.1.6\driver\nativeapi\library_loader.cpp">
      <Filter>NativeApi</Filter>
    </ClCompile>
    <ClCompile Include="C:\Users\Maxime\GIT\EIP---HTTPS_SRV\test\mysql\mysql-connector-c++-1.1.6\driver\nativeapi\mysql_native_driver_wrapper.cpp">
      <Filter>NativeApi</Filter>
    </ClCompile>
    <ClCompile Include="C:\Users\Maxime\GIT\EIP---HTTPS_SRV\test\mysql\mysql-connector-c++-1.1.6\driver\nativeapi\mysql_native_connection_wrapper.cpp">
      <Filter>NativeApi</Filter>
    </ClCompile>
    <ClCompile Include="C:\Users\Maxime\GIT\EIP---HTTPS_SRV\test\mysql\mysql-connector-c++-1.1.6\driver\nativeapi\mysql_native_statement_wrapper.cpp">
      <Filter>NativeApi</Filter>
    </ClCompile>
    <ClCompile Include="C:\Users\Maxime\GIT\EIP---HTTPS_SRV\test\mysql\mysql-connector-c++-1.1.6\driver\nativeapi\mysql_native_resultset_wrapper.cpp">
      <Filter>NativeApi</Filter>
    </ClCompile>
  </ItemGroup>
  <ItemGroup>
    <ClInclude Include="C:\Users\Maxime\GIT\EIP---HTTPS_SRV\test\mysql\mysql-connector-c++-1.1.6\driver\mysql_art_resultset.h">
      <Filter>Header Files</Filter>
    </ClInclude>
    <ClInclude Include="C:\Users\Maxime\GIT\EIP---HTTPS_SRV\test\mysql\mysql-connector-c++-1.1.6\driver\mysql_art_rset_metadata.h">
      <Filter>Header Files</Filter>
    </ClInclude>
    <ClInclude Include="C:\Users\Maxime\GIT\EIP---HTTPS_SRV\test\mysql\mysql-connector-c++-1.1.6\driver\mysql_connection.h">
      <Filter>Header Files</Filter>
    </ClInclude>
    <ClInclude Include="C:\Users\Maxime\GIT\EIP---HTTPS_SRV\test\mysql\mysql-connector-c++-1.1.6\driver\mysql_connection_options.h">
      <Filter>Header Files</Filter>
    </ClInclude>
    <ClInclude Include="C:\Users\Maxime\GIT\EIP---HTTPS_SRV\test\mysql\mysql-connector-c++-1.1.6\driver\mysql_debug.h">
      <Filter>Header Files</Filter>
    </ClInclude>
    <ClInclude Include="C:\Users\Maxime\GIT\EIP---HTTPS_SRV\test\mysql\mysql-connector-c++-1.1.6\driver\mysql_driver.h">
      <Filter>Header Files</Filter>
    </ClInclude>
    <ClInclude Include="C:\Users\Maxime\GIT\EIP---HTTPS_SRV\test\mysql\mysql-connector-c++-1.1.6\driver\mysql_error.h">
      <Filter>Header Files</Filter>
    </ClInclude>
    <ClInclude Include="C:\Users\Maxime\GIT\EIP---HTTPS_SRV\test\mysql\mysql-connector-c++-1.1.6\driver\mysql_metadata.h">
      <Filter>Header Files</Filter>
    </ClInclude>
    <ClInclude Include="C:\Users\Maxime\GIT\EIP---HTTPS_SRV\test\mysql\mysql-connector-c++-1.1.6\driver\mysql_parameter_metadata.h">
      <Filter>Header Files</Filter>
    </ClInclude>
    <ClInclude Include="C:\Users\Maxime\GIT\EIP---HTTPS_SRV\test\mysql\mysql-connector-c++-1.1.6\driver\mysql_prepared_statement.h">
      <Filter>Header Files</Filter>
    </ClInclude>
    <ClInclude Include="C:\Users\Maxime\GIT\EIP---HTTPS_SRV\test\mysql\mysql-connector-c++-1.1.6\driver\mysql_ps_resultset.h">
      <Filter>Header Files</Filter>
    </ClInclude>
    <ClInclude Include="C:\Users\Maxime\GIT\EIP---HTTPS_SRV\test\mysql\mysql-connector-c++-1.1.6\driver\mysql_ps_resultset_metadata.h">
      <Filter>Header Files</Filter>
    </ClInclude>
    <ClInclude Include="C:\Users\Maxime\GIT\EIP---HTTPS_SRV\test\mysql\mysql-connector-c++-1.1.6\driver\mysql_resultbind.h">
      <Filter>Header Files</Filter>
    </ClInclude>
    <ClInclude Include="C:\Users\Maxime\GIT\EIP---HTTPS_SRV\test\mysql\mysql-connector-c++-1.1.6\driver\mysql_resultset.h">
      <Filter>Header Files</Filter>
    </ClInclude>
    <ClInclude Include="C:\Users\Maxime\GIT\EIP---HTTPS_SRV\test\mysql\mysql-connector-c++-1.1.6\driver\mysql_resultset_metadata.h">
      <Filter>Header Files</Filter>
    </ClInclude>
    <ClInclude Include="C:\Users\Maxime\GIT\EIP---HTTPS_SRV\test\mysql\mysql-connector-c++-1.1.6\driver\mysql_statement.h">
      <Filter>Header Files</Filter>
    </ClInclude>
    <ClInclude Include="C:\Users\Maxime\GIT\EIP---HTTPS_SRV\test\mysql\mysql-connector-c++-1.1.6\driver\mysql_util.h">
      <Filter>Header Files</Filter>
    </ClInclude>
    <ClInclude Include="C:\Users\Maxime\GIT\EIP---HTTPS_SRV\test\mysql\mysql-connector-c++-1.1.6\driver\mysql_warning.h">
      <Filter>Header Files</Filter>
    </ClInclude>
    <ClInclude Include="C:\Users\Maxime\GIT\EIP---HTTPS_SRV\test\mysql\mysql-connector-c++-1.1.6\driver\mysql_uri.h">
      <Filter>Header Files</Filter>
    </ClInclude>
    <ClInclude Include="C:\Users\Maxime\GIT\EIP---HTTPS_SRV\test\mysql\mysql-connector-c++-1.1.6\driver\version_info.h">
      <Filter>Header Files</Filter>
    </ClInclude>
    <ClInclude Include="C:\Users\Maxime\GIT\EIP---HTTPS_SRV\test\mysql\mysql-connector-c++-1.1.6\driver\nativeapi\mysql_client_api.h">
      <Filter>NativeApi</Filter>
    </ClInclude>
    <ClInclude Include="C:\Users\Maxime\GIT\EIP---HTTPS_SRV\test\mysql\mysql-connector-c++-1.1.6\driver\nativeapi\mysql_native_driver_wrapper.h">
      <Filter>NativeApi</Filter>
    </ClInclude>
    <ClInclude Include="C:\Users\Maxime\GIT\EIP---HTTPS_SRV\test\mysql\mysql-connector-c++-1.1.6\driver\nativeapi\native_driver_wrapper.h">
      <Filter>NativeApi</Filter>
    </ClInclude>
    <ClInclude Include="C:\Users\Maxime\GIT\EIP---HTTPS_SRV\test\mysql\mysql-connector-c++-1.1.6\driver\nativeapi\mysql_native_connection_wrapper.h">
      <Filter>NativeApi</Filter>
    </ClInclude>
    <ClInclude Include="C:\Users\Maxime\GIT\EIP---HTTPS_SRV\test\mysql\mysql-connector-c++-1.1.6\driver\nativeapi\native_connection_wrapper.h">
      <Filter>NativeApi</Filter>
    </ClInclude>
    <ClInclude Include="C:\Users\Maxime\GIT\EIP---HTTPS_SRV\test\mysql\mysql-connector-c++-1.1.6\driver\nativeapi\mysql_native_statement_wrapper.h">
      <Filter>NativeApi</Filter>
    </ClInclude>
    <ClInclude Include="C:\Users\Maxime\GIT\EIP---HTTPS_SRV\test\mysql\mysql-connector-c++-1.1.6\driver\nativeapi\native_statement_wrapper.h">
      <Filter>NativeApi</Filter>
    </ClInclude>
    <ClInclude Include="C:\Users\Maxime\GIT\EIP---HTTPS_SRV\test\mysql\mysql-connector-c++-1.1.6\driver\nativeapi\mysql_native_resultset_wrapper.h">
      <Filter>NativeApi</Filter>
    </ClInclude>
    <ClInclude Include="C:\Users\Maxime\GIT\EIP---HTTPS_SRV\test\mysql\mysql-connector-c++-1.1.6\driver\nativeapi\native_resultset_wrapper.h">
      <Filter>NativeApi</Filter>
    </ClInclude>
    <ClInclude Include="C:\Users\Maxime\GIT\EIP---HTTPS_SRV\test\mysql\mysql-connector-c++-1.1.6\cppconn\warning.h">
      <Filter>API</Filter>
    </ClInclude>
    <ClInclude Include="C:\Users\Maxime\GIT\EIP---HTTPS_SRV\test\mysql\mysql-connector-c++-1.1.6\cppconn\statement.h">
      <Filter>API</Filter>
    </ClInclude>
    <ClInclude Include="C:\Users\Maxime\GIT\EIP---HTTPS_SRV\test\mysql\mysql-connector-c++-1.1.6\cppconn\sqlstring.h">
      <Filter>API</Filter>
    </ClInclude>
    <ClInclude Include="C:\Users\Maxime\GIT\EIP---HTTPS_SRV\test\mysql\mysql-connector-c++-1.1.6\cppconn\resultset_metadata.h">
      <Filter>API</Filter>
    </ClInclude>
    <ClInclude Include="C:\Users\Maxime\GIT\EIP---HTTPS_SRV\test\mysql\mysql-connector-c++-1.1.6\cppconn\resultset.h">
      <Filter>API</Filter>
    </ClInclude>
    <ClInclude Include="C:\Users\Maxime\GIT\EIP---HTTPS_SRV\test\mysql\mysql-connector-c++-1.1.6\cppconn\prepared_statement.h">
      <Filter>API</Filter>
    </ClInclude>
    <ClInclude Include="C:\Users\Maxime\GIT\EIP---HTTPS_SRV\test\mysql\mysql-connector-c++-1.1.6\cppconn\parameter_metadata.h">
      <Filter>API</Filter>
    </ClInclude>
    <ClInclude Include="C:\Users\Maxime\GIT\EIP---HTTPS_SRV\test\mysql\mysql-connector-c++-1.1.6\cppconn\metadata.h">
      <Filter>API</Filter>
    </ClInclude>
    <ClInclude Include="C:\Users\Maxime\GIT\EIP---HTTPS_SRV\test\mysql\mysql-connector-c++-1.1.6\cppconn\exception.h">
      <Filter>API</Filter>
    </ClInclude>
    <ClInclude Include="C:\Users\Maxime\GIT\EIP---HTTPS_SRV\test\mysql\mysql-connector-c++-1.1.6\cppconn\driver.h">
      <Filter>API</Filter>
    </ClInclude>
    <ClInclude Include="C:\Users\Maxime\GIT\EIP---HTTPS_SRV\test\mysql\mysql-connector-c++-1.1.6\cppconn\datatype.h">
      <Filter>API</Filter>
    </ClInclude>
    <ClInclude Include="C:\Users\Maxime\GIT\EIP---HTTPS_SRV\test\mysql\mysql-connector-c++-1.1.6\cppconn\variant.h">
      <Filter>API</Filter>
    </ClInclude>
    <ClInclude Include="C:\Users\Maxime\GIT\EIP---HTTPS_SRV\test\mysql\mysql-connector-c++-1.1.6\cppconn\connection.h">
      <Filter>API</Filter>
    </ClInclude>
    <ClInclude Include="C:\Users\Maxime\GIT\EIP---HTTPS_SRV\test\mysql\mysql-connector-c++-1.1.6\cppconn\config.h">
      <Filter>API</Filter>
    </ClInclude>
    <ClInclude Include="C:\Users\Maxime\GIT\EIP---HTTPS_SRV\test\mysql\mysql-connector-c++-1.1.6\cppconn\build_config.h">
      <Filter>API</Filter>
    </ClInclude>
  </ItemGroup>
  <ItemGroup>
    <CustomBuild Include="C:\Users\Maxime\GIT\EIP---HTTPS_SRV\test\mysql\mysql-connector-c++-1.1.6\driver\CMakeLists.txt" />
  </ItemGroup>
  <ItemGroup>
    <Filter Include="Source Files">
      <UniqueIdentifier>{161B4AF5-73B5-3080-A4DE-F5A31C0D0C17}</UniqueIdentifier>
    </Filter>
    <Filter Include="Header Files">
      <UniqueIdentifier>{18A0C7B3-94C9-321E-BA20-CA207EAF6A0C}</UniqueIdentifier>
    </Filter>
    <Filter Include="NativeApi">
      <UniqueIdentifier>{8F107782-D5A1-35A0-A45D-F61D3A8954D8}</UniqueIdentifier>
    </Filter>
    <Filter Include="API">
      <UniqueIdentifier>{4D9E57CD-6B89-33D8-A150-5C20BC191E84}</UniqueIdentifier>
    </Filter>
  </ItemGroup>
</Project>
